
Microsoft Visual Studio Solution File, Format Version 12.00
# Visual Studio Version 17
VisualStudioVersion = 17.4.33110.190
MinimumVisualStudioVersion = 10.0.40219.1
Project("{9A19103F-16F7-4668-BE54-9A1E7A4F7556}") = "HITS.Demo.OpenAI", "HITS.Demo.OpenAI\HITS.Demo.OpenAI.csproj", "{B780DF79-7738-49A9-82DE-2F04735B5100}"
EndProject
Project("{9A19103F-16F7-4668-BE54-9A1E7A4F7556}") = "HITS.Component.OpenAI", "HITS.Component.OpenAI\HITS.Component.OpenAI.csproj", "{D9D7163A-FDD0-43DA-AA25-CB35B726D6AA}"
EndProject
Project("{2150E333-8FDC-42A3-9474-1A3956D46DE8}") = "Solution Items", "Solution Items", "{5BE5B930-0F03-4233-B076-CFAE72E179ED}"
	ProjectSection(SolutionItems) = preProject
		ReadMe = ReadMe
		Temp.txt = Temp.txt
	EndProjectSection
EndProject
Global
	GlobalSection(SolutionConfigurationPlatforms) = preSolution
		Debug|Any CPU = Debug|Any CPU
		Release|Any CPU = Release|Any CPU
	EndGlobalSection
	GlobalSection(ProjectConfigurationPlatforms) = postSolution
		{B780DF79-7738-49A9-82DE-2F04735B5100}.Debug|Any CPU.ActiveCfg = Debug|Any CPU
		{B780DF79-7738-49A9-82DE-2F04735B5100}.Debug|Any CPU.Build.0 = Debug|Any CPU
		{B780DF79-7738-49A9-82DE-2F04735B5100}.Release|Any CPU.ActiveCfg = Release|Any CPU
		{B780DF79-7738-49A9-82DE-2F04735B5100}.Release|Any CPU.Build.0 = Release|Any CPU
		{D9D7163A-FDD0-43DA-AA25-CB35B726D6AA}.Debug|Any CPU.ActiveCfg = Debug|Any CPU
		{D9D7163A-FDD0-43DA-AA25-CB35B726D6AA}.Debug|Any CPU.Build.0 = Debug|Any CPU
		{D9D7163A-FDD0-43DA-AA25-CB35B726D6AA}.Release|Any CPU.ActiveCfg = Release|Any CPU
		{D9D7163A-FDD0-43DA-AA25-CB35B726D6AA}.Release|Any CPU.Build.0 = Release|Any CPU
	EndGlobalSection
	GlobalSection(SolutionProperties) = preSolution
		HideSolutionNode = FALSE
	EndGlobalSection
	GlobalSection(ExtensibilityGlobals) = postSolution
		SolutionGuid = {E2A8A02F-C822-4E88-94EF-DFEB4EB0A3E8}
	EndGlobalSection
EndGlobal
